
Microsoft Visual Studio Solution File, Format Version 12.00
# Visual Studio 2013
VisualStudioVersion = 12.0.21005.1
MinimumVisualStudioVersion = 10.0.40219.1
Project("{FAE04EC0-301F-11D3-BF4B-00C04F79EFBC}") = "MagneticNote", "MagneticNote\MagneticNote.csproj", "{5321E6EF-D006-462A-A5B6-A4B05A2CD87F}"
EndProject
Project("{FAE04EC0-301F-11D3-BF4B-00C04F79EFBC}") = "MagneticNote.Tests", "MagneticNote.Tests\MagneticNote.Tests.csproj", "{861EEBBD-EBFE-45E7-A20C-D7671A22030F}"
EndProject
Project("{FAE04EC0-301F-11D3-BF4B-00C04F79EFBC}") = "MagneticNote.Common", "MagneticNote.Common\MagneticNote.Common.csproj", "{470C1ACB-4590-4D8B-A60A-851D4B85D0C6}"
EndProject
Project("{FAE04EC0-301F-11D3-BF4B-00C04F79EFBC}") = "MagneticNote.IBLL", "MagneticNote.IBLL\MagneticNote.IBLL.csproj", "{6BFBAEE7-6723-4344-8C4B-5B021BE7E4B1}"
EndProject
Project("{FAE04EC0-301F-11D3-BF4B-00C04F79EFBC}") = "MagneticNote.IDAL", "MagneticNote.IDAL\MagneticNote.IDAL.csproj", "{F98510EA-1D9B-45E1-A1BE-0489BE413E81}"
EndProject
Project("{FAE04EC0-301F-11D3-BF4B-00C04F79EFBC}") = "MagneticNote.Model", "MagneticNote.Model\MagneticNote.Model.csproj", "{7D9A24D8-794B-4E9B-9985-A494B757B2BE}"
EndProject
Project("{FAE04EC0-301F-11D3-BF4B-00C04F79EFBC}") = "MagneticNote.BLL", "MagneticNote.BLL\MagneticNote.BLL.csproj", "{10ECA284-9F1E-4CA9-A8D1-62ACA90AE328}"
EndProject
Project("{FAE04EC0-301F-11D3-BF4B-00C04F79EFBC}") = "MagneticNote.EFDAL", "MagneticNote.EFDAL\MagneticNote.EFDAL.csproj", "{6FFDAD8F-3A71-4367-8C14-F5A18FA45F2F}"
EndProject
Global
	GlobalSection(SolutionConfigurationPlatforms) = preSolution
		Debug|Any CPU = Debug|Any CPU
		Release|Any CPU = Release|Any CPU
	EndGlobalSection
	GlobalSection(ProjectConfigurationPlatforms) = postSolution
		{5321E6EF-D006-462A-A5B6-A4B05A2CD87F}.Debug|Any CPU.ActiveCfg = Debug|Any CPU
		{5321E6EF-D006-462A-A5B6-A4B05A2CD87F}.Debug|Any CPU.Build.0 = Debug|Any CPU
		{5321E6EF-D006-462A-A5B6-A4B05A2CD87F}.Release|Any CPU.ActiveCfg = Release|Any CPU
		{5321E6EF-D006-462A-A5B6-A4B05A2CD87F}.Release|Any CPU.Build.0 = Release|Any CPU
		{861EEBBD-EBFE-45E7-A20C-D7671A22030F}.Debug|Any CPU.ActiveCfg = Debug|Any CPU
		{861EEBBD-EBFE-45E7-A20C-D7671A22030F}.Debug|Any CPU.Build.0 = Debug|Any CPU
		{861EEBBD-EBFE-45E7-A20C-D7671A22030F}.Release|Any CPU.ActiveCfg = Release|Any CPU
		{861EEBBD-EBFE-45E7-A20C-D7671A22030F}.Release|Any CPU.Build.0 = Release|Any CPU
		{470C1ACB-4590-4D8B-A60A-851D4B85D0C6}.Debug|Any CPU.ActiveCfg = Debug|Any CPU
		{470C1ACB-4590-4D8B-A60A-851D4B85D0C6}.Debug|Any CPU.Build.0 = Debug|Any CPU
		{470C1ACB-4590-4D8B-A60A-851D4B85D0C6}.Release|Any CPU.ActiveCfg = Release|Any CPU
		{470C1ACB-4590-4D8B-A60A-851D4B85D0C6}.Release|Any CPU.Build.0 = Release|Any CPU
		{6BFBAEE7-6723-4344-8C4B-5B021BE7E4B1}.Debug|Any CPU.ActiveCfg = Debug|Any CPU
		{6BFBAEE7-6723-4344-8C4B-5B021BE7E4B1}.Debug|Any CPU.Build.0 = Debug|Any CPU
		{6BFBAEE7-6723-4344-8C4B-5B021BE7E4B1}.Release|Any CPU.ActiveCfg = Release|Any CPU
		{6BFBAEE7-6723-4344-8C4B-5B021BE7E4B1}.Release|Any CPU.Build.0 = Release|Any CPU
		{F98510EA-1D9B-45E1-A1BE-0489BE413E81}.Debug|Any CPU.ActiveCfg = Debug|Any CPU
		{F98510EA-1D9B-45E1-A1BE-0489BE413E81}.Debug|Any CPU.Build.0 = Debug|Any CPU
		{F98510EA-1D9B-45E1-A1BE-0489BE413E81}.Release|Any CPU.ActiveCfg = Release|Any CPU
		{F98510EA-1D9B-45E1-A1BE-0489BE413E81}.Release|Any CPU.Build.0 = Release|Any CPU
		{7D9A24D8-794B-4E9B-9985-A494B757B2BE}.Debug|Any CPU.ActiveCfg = Debug|Any CPU
		{7D9A24D8-794B-4E9B-9985-A494B757B2BE}.Debug|Any CPU.Build.0 = Debug|Any CPU
		{7D9A24D8-794B-4E9B-9985-A494B757B2BE}.Release|Any CPU.ActiveCfg = Release|Any CPU
		{7D9A24D8-794B-4E9B-9985-A494B757B2BE}.Release|Any CPU.Build.0 = Release|Any CPU
		{10ECA284-9F1E-4CA9-A8D1-62ACA90AE328}.Debug|Any CPU.ActiveCfg = Debug|Any CPU
		{10ECA284-9F1E-4CA9-A8D1-62ACA90AE328}.Debug|Any CPU.Build.0 = Debug|Any CPU
		{10ECA284-9F1E-4CA9-A8D1-62ACA90AE328}.Release|Any CPU.ActiveCfg = Release|Any CPU
		{10ECA284-9F1E-4CA9-A8D1-62ACA90AE328}.Release|Any CPU.Build.0 = Release|Any CPU
		{6FFDAD8F-3A71-4367-8C14-F5A18FA45F2F}.Debug|Any CPU.ActiveCfg = Debug|Any CPU
		{6FFDAD8F-3A71-4367-8C14-F5A18FA45F2F}.Debug|Any CPU.Build.0 = Debug|Any CPU
		{6FFDAD8F-3A71-4367-8C14-F5A18FA45F2F}.Release|Any CPU.ActiveCfg = Release|Any CPU
		{6FFDAD8F-3A71-4367-8C14-F5A18FA45F2F}.Release|Any CPU.Build.0 = Release|Any CPU
	EndGlobalSection
	GlobalSection(SolutionProperties) = preSolution
		HideSolutionNode = FALSE
	EndGlobalSection
EndGlobal
